
Microsoft Visual Studio Solution File, Format Version 12.00
# Visual Studio Version 17
VisualStudioVersion = 17.4.33213.308
MinimumVisualStudioVersion = 10.0.40219.1
Project("{FAE04EC0-301F-11D3-BF4B-00C04F79EFBC}") = "Learning", "Learning\Learning.csproj", "{23AA059A-88D4-4E05-BA50-5D2A8B2B78EE}"
EndProject
Global
	GlobalSection(SolutionConfigurationPlatforms) = preSolution
		Debug|Any CPU = Debug|Any CPU
		Release|Any CPU = Release|Any CPU
	EndGlobalSection
	GlobalSection(ProjectConfigurationPlatforms) = postSolution
		{23AA059A-88D4-4E05-BA50-5D2A8B2B78EE}.Debug|Any CPU.ActiveCfg = Debug|Any CPU
		{23AA059A-88D4-4E05-BA50-5D2A8B2B78EE}.Debug|Any CPU.Build.0 = Debug|Any CPU
		{23AA059A-88D4-4E05-BA50-5D2A8B2B78EE}.Release|Any CPU.ActiveCfg = Release|Any CPU
		{23AA059A-88D4-4E05-BA50-5D2A8B2B78EE}.Release|Any CPU.Build.0 = Release|Any CPU
	EndGlobalSection
	GlobalSection(SolutionProperties) = preSolution
		HideSolutionNode = FALSE
	EndGlobalSection
	GlobalSection(ExtensibilityGlobals) = postSolution
		SolutionGuid = {FB0565C6-0A6C-44B2-A582-1AF16136F8C0}
	EndGlobalSection
EndGlobal
